
Microsoft Visual Studio Solution File, Format Version 12.00
# Visual Studio Version 16
VisualStudioVersion = 16.0.35425.106
MinimumVisualStudioVersion = 10.0.40219.1
Project("{FAE04EC0-301F-11D3-BF4B-00C04F79EFBC}") = "StackIt", "StackIt.csproj", "{2300184A-8B03-4DEE-A040-95E68561D014}"
EndProject
Global
	GlobalSection(SolutionConfigurationPlatforms) = preSolution
		Debug|Any CPU = Debug|Any CPU
		Release|Any CPU = Release|Any CPU
	EndGlobalSection
	GlobalSection(ProjectConfigurationPlatforms) = postSolution
		{2300184A-8B03-4DEE-A040-95E68561D014}.Debug|Any CPU.ActiveCfg = Debug|Any CPU
		{2300184A-8B03-4DEE-A040-95E68561D014}.Debug|Any CPU.Build.0 = Debug|Any CPU
		{2300184A-8B03-4DEE-A040-95E68561D014}.Release|Any CPU.ActiveCfg = Release|Any CPU
		{2300184A-8B03-4DEE-A040-95E68561D014}.Release|Any CPU.Build.0 = Release|Any CPU
	EndGlobalSection
	GlobalSection(SolutionProperties) = preSolution
		HideSolutionNode = FALSE
	EndGlobalSection
	GlobalSection(ExtensibilityGlobals) = postSolution
		SolutionGuid = {47EF399C-5BD6-4E94-A241-DBFC53D446D4}
	EndGlobalSection
EndGlobal
